{
  "pins" : [
    {
      "identity" : "daily-client-ios",
      "kind" : "remoteSourceControl",
      "location" : "https://github.com/daily-co/daily-client-ios",
      "state" : {
        "revision" : "431938db25e5807120e89e2dc5bab1c076729f59",
        "version" : "0.31.0"
      }
    }
  ],
  "version" : 2
}
