{
  "pins" : [
    {
      "identity" : "daily-client-ios",
      "kind" : "remoteSourceControl",
      "location" : "https://github.com/daily-co/daily-client-ios",
      "state" : {
        "revision" : "1b84803a17766240007f11c553ca7debbfcef33b",
        "version" : "0.22.0"
      }
    }
  ],
  "version" : 2
}
