{
  "pins" : [
    {
      "identity" : "daily-client-ios",
      "kind" : "remoteSourceControl",
      "location" : "https://github.com/daily-co/daily-client-ios",
      "state" : {
        "revision" : "62fee5a117795439a22c568dd8271fc5e3a5b8d0",
        "version" : "0.20.0"
      }
    }
  ],
  "version" : 2
}
